<?xml version="1.0" encoding="utf-8"?>
<Project ToolsVersion="4.0" xmlns="http://schemas.microsoft.com/developer/msbuild/2003">
  <ItemGroup>
    <Filter Include="DirectX">
      <UniqueIdentifier>{56cf0463-13c3-4de2-ba36-a377ee59c1f1}</UniqueIdentifier>
    </Filter>
    <Filter Include="MainGame">
      <UniqueIdentifier>{db8e1571-48a1-4d29-b79c-38820dd7eee1}</UniqueIdentifier>
    </Filter>
    <Filter Include="Config">
      <UniqueIdentifier>{7f884ffc-a572-4cdc-a803-fa31f10828c5}</UniqueIdentifier>
    </Filter>
    <Filter Include="GameObject">
      <UniqueIdentifier>{f94c6fc1-c4b7-4da2-989a-df421819aa45}</UniqueIdentifier>
    </Filter>
    <Filter Include="DirectX\Texture">
      <UniqueIdentifier>{069935ad-7d28-4759-a3e0-f674b5ab9d10}</UniqueIdentifier>
    </Filter>
    <Filter Include="GameObject\Interface">
      <UniqueIdentifier>{830a5d61-f021-431e-8c39-eeb243b17169}</UniqueIdentifier>
    </Filter>
    <Filter Include="GameObject\DynamicObject">
      <UniqueIdentifier>{834f9db5-f01c-4ce4-b7aa-37ed6b448184}</UniqueIdentifier>
    </Filter>
    <Filter Include="GameObject\DynamicObject\Simon">
      <UniqueIdentifier>{f6822935-53a1-44e9-a42a-6f60c361b773}</UniqueIdentifier>
    </Filter>
    <Filter Include="GameObject\StaticObject">
      <UniqueIdentifier>{2ffeeacf-8b7c-4db0-b8f7-a5ff2ae19d8b}</UniqueIdentifier>
    </Filter>
    <Filter Include="Map">
      <UniqueIdentifier>{5528ad25-69b2-46a0-bf78-72d62340c32c}</UniqueIdentifier>
    </Filter>
    <Filter Include="Map\Level">
      <UniqueIdentifier>{7d6464ad-2eb1-4009-98f8-c42edaea887b}</UniqueIdentifier>
    </Filter>
    <Filter Include="GameObject\DynamicObject\Weapon">
      <UniqueIdentifier>{cf44e945-5cdd-4943-a50d-acd21455623f}</UniqueIdentifier>
    </Filter>
    <Filter Include="GameObject\DynamicObject\Weapon\IronRod">
      <UniqueIdentifier>{08bdb651-0f37-41ef-bc0e-7da3744f5b42}</UniqueIdentifier>
    </Filter>
  </ItemGroup>
  <ItemGroup>
    <ClCompile Include="Input.cpp">
      <Filter>DirectX</Filter>
    </ClCompile>
    <ClCompile Include="Game.cpp">
      <Filter>MainGame</Filter>
    </ClCompile>
    <ClCompile Include="main.cpp">
      <Filter>MainGame</Filter>
    </ClCompile>
    <ClCompile Include="ManageGame.cpp">
      <Filter>MainGame</Filter>
    </ClCompile>
    <ClCompile Include="Camera.cpp">
      <Filter>DirectX</Filter>
    </ClCompile>
    <ClCompile Include="Sprite.cpp">
      <Filter>DirectX</Filter>
    </ClCompile>
    <ClCompile Include="ManageSprite.cpp">
      <Filter>DirectX</Filter>
    </ClCompile>
    <ClCompile Include="ObjectGame.cpp">
      <Filter>GameObject</Filter>
    </ClCompile>
    <ClCompile Include="Texture.cpp">
      <Filter>DirectX\Texture</Filter>
    </ClCompile>
    <ClCompile Include="ManageTexture.cpp">
      <Filter>DirectX\Texture</Filter>
    </ClCompile>
    <ClCompile Include="SimonFactory.cpp">
      <Filter>Config</Filter>
    </ClCompile>
    <ClCompile Include="Simon.cpp">
      <Filter>GameObject\DynamicObject\Simon</Filter>
    </ClCompile>
    <ClCompile Include="FileUtils.cpp">
      <Filter>Config</Filter>
    </ClCompile>
    <ClCompile Include="ObjectFactory.cpp">
      <Filter>Config</Filter>
    </ClCompile>
    <ClCompile Include="IMove.cpp">
      <Filter>GameObject\Interface</Filter>
    </ClCompile>
    <ClCompile Include="IAnimatedSprite.cpp">
      <Filter>GameObject\Interface</Filter>
    </ClCompile>
    <ClCompile Include="ICollision.cpp">
      <Filter>GameObject\Interface</Filter>
    </ClCompile>
    <ClCompile Include="DynamicObject.cpp">
      <Filter>GameObject\DynamicObject</Filter>
    </ClCompile>
    <ClCompile Include="StaticObject.cpp">
      <Filter>GameObject\StaticObject</Filter>
    </ClCompile>
    <ClCompile Include="Brick.cpp">
      <Filter>GameObject\StaticObject</Filter>
    </ClCompile>
    <ClCompile Include="BackGround.cpp">
      <Filter>Map</Filter>
    </ClCompile>
    <ClCompile Include="MapLoader.cpp">
      <Filter>Map\Level</Filter>
    </ClCompile>
    <ClCompile Include="IronRod.cpp">
      <Filter>GameObject\DynamicObject\Weapon\IronRod</Filter>
    </ClCompile>
    <ClCompile Include="Weapon.cpp">
      <Filter>GameObject\DynamicObject\Weapon</Filter>
    </ClCompile>
  </ItemGroup>
  <ItemGroup>
    <ClInclude Include="Input.h">
      <Filter>DirectX</Filter>
    </ClInclude>
    <ClInclude Include="utils.h">
      <Filter>DirectX</Filter>
    </ClInclude>
    <ClInclude Include="Game.h">
      <Filter>MainGame</Filter>
    </ClInclude>
    <ClInclude Include="ManageGame.h">
      <Filter>MainGame</Filter>
    </ClInclude>
    <ClInclude Include="Camera.h">
      <Filter>DirectX</Filter>
    </ClInclude>
    <ClInclude Include="Sprite.h">
      <Filter>DirectX</Filter>
    </ClInclude>
    <ClInclude Include="ManageSprite.h">
      <Filter>DirectX</Filter>
    </ClInclude>
    <ClInclude Include="ObjectFactoty.h">
      <Filter>Config</Filter>
    </ClInclude>
    <ClInclude Include="ObjectGame.h">
      <Filter>GameObject</Filter>
    </ClInclude>
    <ClInclude Include="Texture.h">
      <Filter>DirectX\Texture</Filter>
    </ClInclude>
    <ClInclude Include="ManageTexture.h">
      <Filter>DirectX\Texture</Filter>
    </ClInclude>
    <ClInclude Include="SimonFactory.h">
      <Filter>Config</Filter>
    </ClInclude>
    <ClInclude Include="Simon.h">
      <Filter>GameObject\DynamicObject\Simon</Filter>
    </ClInclude>
    <ClInclude Include="FileUtils.h">
      <Filter>Config</Filter>
    </ClInclude>
    <ClInclude Include="IMove.h">
      <Filter>GameObject\Interface</Filter>
    </ClInclude>
    <ClInclude Include="IAnimatedSprite.h">
      <Filter>GameObject\Interface</Filter>
    </ClInclude>
    <ClInclude Include="ICollision.h">
      <Filter>GameObject\Interface</Filter>
    </ClInclude>
    <ClInclude Include="DynamicObject.h">
      <Filter>GameObject\DynamicObject</Filter>
    </ClInclude>
    <ClInclude Include="StaticObject.h">
      <Filter>GameObject\StaticObject</Filter>
    </ClInclude>
    <ClInclude Include="Brick.h">
      <Filter>GameObject\StaticObject</Filter>
    </ClInclude>
    <ClInclude Include="BackGround.h">
      <Filter>Map</Filter>
    </ClInclude>
    <ClInclude Include="MapLoader.h">
      <Filter>Map\Level</Filter>
    </ClInclude>
    <ClInclude Include="IronRod.h">
      <Filter>GameObject\DynamicObject\Weapon\IronRod</Filter>
    </ClInclude>
    <ClInclude Include="Weapon.h">
      <Filter>GameObject\DynamicObject\Weapon</Filter>
    </ClInclude>
    <ClInclude Include="TagClassName.h">
      <Filter>DirectX</Filter>
    </ClInclude>
  </ItemGroup>
</Project>