<?xml version="1.0" encoding="utf-8"?>
<Project ToolsVersion="4.0" xmlns="http://schemas.microsoft.com/developer/msbuild/2003">
  <ItemGroup>
    <Filter Include="DirectX">
      <UniqueIdentifier>{56cf0463-13c3-4de2-ba36-a377ee59c1f1}</UniqueIdentifier>
    </Filter>
    <Filter Include="MainGame">
      <UniqueIdentifier>{db8e1571-48a1-4d29-b79c-38820dd7eee1}</UniqueIdentifier>
    </Filter>
    <Filter Include="Config">
      <UniqueIdentifier>{7f884ffc-a572-4cdc-a803-fa31f10828c5}</UniqueIdentifier>
    </Filter>
    <Filter Include="GameObject">
      <UniqueIdentifier>{f94c6fc1-c4b7-4da2-989a-df421819aa45}</UniqueIdentifier>
    </Filter>
    <Filter Include="DirectX\Texture">
      <UniqueIdentifier>{069935ad-7d28-4759-a3e0-f674b5ab9d10}</UniqueIdentifier>
    </Filter>
    <Filter Include="GameObject\Interface">
      <UniqueIdentifier>{830a5d61-f021-431e-8c39-eeb243b17169}</UniqueIdentifier>
    </Filter>
    <Filter Include="GameObject\DynamicObject">
      <UniqueIdentifier>{834f9db5-f01c-4ce4-b7aa-37ed6b448184}</UniqueIdentifier>
    </Filter>
    <Filter Include="GameObject\DynamicObject\Simon">
      <UniqueIdentifier>{f6822935-53a1-44e9-a42a-6f60c361b773}</UniqueIdentifier>
    </Filter>
    <Filter Include="GameObject\StaticObject">
      <UniqueIdentifier>{2ffeeacf-8b7c-4db0-b8f7-a5ff2ae19d8b}</UniqueIdentifier>
    </Filter>
    <Filter Include="Map">
      <UniqueIdentifier>{5528ad25-69b2-46a0-bf78-72d62340c32c}</UniqueIdentifier>
    </Filter>
    <Filter Include="Map\Level">
      <UniqueIdentifier>{7d6464ad-2eb1-4009-98f8-c42edaea887b}</UniqueIdentifier>
    </Filter>
    <Filter Include="GameObject\DynamicObject\Weapon">
      <UniqueIdentifier>{cf44e945-5cdd-4943-a50d-acd21455623f}</UniqueIdentifier>
    </Filter>
    <Filter Include="GameObject\DynamicObject\Weapon\IronRod">
      <UniqueIdentifier>{08bdb651-0f37-41ef-bc0e-7da3744f5b42}</UniqueIdentifier>
    </Filter>
    <Filter Include="Config\IronRodFactory">
      <UniqueIdentifier>{15140ab3-7204-427e-8450-3714c3a50152}</UniqueIdentifier>
    </Filter>
    <Filter Include="Config\SimonFactoty">
      <UniqueIdentifier>{ad9cd0ba-ee4c-476d-83bf-c2485b6a7250}</UniqueIdentifier>
    </Filter>
    <Filter Include="GameObject\StaticObject\Brick">
      <UniqueIdentifier>{b7ab5087-310b-49e1-86b8-334ab580ed4d}</UniqueIdentifier>
    </Filter>
    <Filter Include="GameObject\StaticObject\Stair">
      <UniqueIdentifier>{907e1f17-c1b9-4490-9bd2-8ecfca003670}</UniqueIdentifier>
    </Filter>
    <Filter Include="GameObject\StaticObject\Door">
      <UniqueIdentifier>{7798f388-4d28-4b5d-b7d4-4c498f48dcd9}</UniqueIdentifier>
    </Filter>
    <Filter Include="Config\GroundBGFactory">
      <UniqueIdentifier>{568c5ed9-4d6f-4650-a8a9-370a5de76846}</UniqueIdentifier>
    </Filter>
    <Filter Include="GameObject\DynamicObject\Enemy">
      <UniqueIdentifier>{6ae4af1e-b318-4938-8b29-f64724b028d1}</UniqueIdentifier>
    </Filter>
    <Filter Include="GameObject\DynamicObject\Enemy\FishMan">
      <UniqueIdentifier>{abb3c20d-6822-45c1-9800-467e6699755a}</UniqueIdentifier>
    </Filter>
    <Filter Include="GameObject\DynamicObject\Enemy\DragonSkullCannon">
      <UniqueIdentifier>{a6604f57-393e-406d-918d-af1710395750}</UniqueIdentifier>
    </Filter>
    <Filter Include="GameObject\DynamicObject\Enemy\Zombie">
      <UniqueIdentifier>{75823e3f-3dd4-4d33-b28b-c2dd6ca3028c}</UniqueIdentifier>
    </Filter>
    <Filter Include="GameObject\DynamicObject\Enemy\VampireBat">
      <UniqueIdentifier>{1adfab0d-d23d-4c46-9a8f-8564969bef86}</UniqueIdentifier>
    </Filter>
    <Filter Include="GameObject\DynamicObject\Enemy\AxeMan">
      <UniqueIdentifier>{7b0a5073-1a29-45d9-9360-97698cbb2c4c}</UniqueIdentifier>
    </Filter>
    <Filter Include="GameObject\DynamicObject\Enemy\BlackKnight">
      <UniqueIdentifier>{0d6693bf-3031-4b98-a46b-4ed08acdfe8b}</UniqueIdentifier>
    </Filter>
    <Filter Include="GameObject\DynamicObject\Enemy\WhiteSkeleton">
      <UniqueIdentifier>{41039383-e6a9-48ba-8a2f-8ef71893b663}</UniqueIdentifier>
    </Filter>
    <Filter Include="GameObject\DynamicObject\Enemy\Ghost">
      <UniqueIdentifier>{dc377d1a-0fb9-456a-b3d3-8d2ab0d59013}</UniqueIdentifier>
    </Filter>
    <Filter Include="GameObject\DynamicObject\Enemy\BlackLeopard">
      <UniqueIdentifier>{c530d04f-8624-4916-9d2e-5750410f1f20}</UniqueIdentifier>
    </Filter>
    <Filter Include="GameObject\DynamicObject\Enemy\Medusa">
      <UniqueIdentifier>{e1a5d154-e605-45b0-b1a8-603076916434}</UniqueIdentifier>
    </Filter>
    <Filter Include="Config\EnemyFactory">
      <UniqueIdentifier>{4bd63be3-7fb7-46f3-a02a-c6c2abd6d614}</UniqueIdentifier>
    </Filter>
    <Filter Include="GameObject\StaticObject\HideObject">
      <UniqueIdentifier>{23ff786d-b5e9-4780-8f77-6175114fc57b}</UniqueIdentifier>
    </Filter>
    <Filter Include="GameObject\DynamicObject\Item">
      <UniqueIdentifier>{76543538-f3c1-47cf-a8f9-30b2c480bd68}</UniqueIdentifier>
    </Filter>
    <Filter Include="Config\HideObjectFactory">
      <UniqueIdentifier>{f1df25ba-6bf6-4b4f-86b8-8dd0dcd9a9c8}</UniqueIdentifier>
    </Filter>
    <Filter Include="GameObject\StaticObject\GroundObj">
      <UniqueIdentifier>{9761323b-de1e-4e7b-96de-c037b4feba4e}</UniqueIdentifier>
    </Filter>
    <Filter Include="GameObject\StaticObject\Light">
      <UniqueIdentifier>{2748a408-da02-4cce-8fe1-ccd3f43c8038}</UniqueIdentifier>
    </Filter>
    <Filter Include="Config\LightFactory">
      <UniqueIdentifier>{8878e3df-924e-4ad4-b4b5-60b6839278b1}</UniqueIdentifier>
    </Filter>
  </ItemGroup>
  <ItemGroup>
    <ClCompile Include="Input.cpp">
      <Filter>DirectX</Filter>
    </ClCompile>
    <ClCompile Include="Game.cpp">
      <Filter>MainGame</Filter>
    </ClCompile>
    <ClCompile Include="main.cpp">
      <Filter>MainGame</Filter>
    </ClCompile>
    <ClCompile Include="ManageGame.cpp">
      <Filter>MainGame</Filter>
    </ClCompile>
    <ClCompile Include="Camera.cpp">
      <Filter>DirectX</Filter>
    </ClCompile>
    <ClCompile Include="Sprite.cpp">
      <Filter>DirectX</Filter>
    </ClCompile>
    <ClCompile Include="ManageSprite.cpp">
      <Filter>DirectX</Filter>
    </ClCompile>
    <ClCompile Include="ObjectGame.cpp">
      <Filter>GameObject</Filter>
    </ClCompile>
    <ClCompile Include="Texture.cpp">
      <Filter>DirectX\Texture</Filter>
    </ClCompile>
    <ClCompile Include="ManageTexture.cpp">
      <Filter>DirectX\Texture</Filter>
    </ClCompile>
    <ClCompile Include="Simon.cpp">
      <Filter>GameObject\DynamicObject\Simon</Filter>
    </ClCompile>
    <ClCompile Include="FileUtils.cpp">
      <Filter>Config</Filter>
    </ClCompile>
    <ClCompile Include="ObjectFactory.cpp">
      <Filter>Config</Filter>
    </ClCompile>
    <ClCompile Include="IMove.cpp">
      <Filter>GameObject\Interface</Filter>
    </ClCompile>
    <ClCompile Include="IAnimatedSprite.cpp">
      <Filter>GameObject\Interface</Filter>
    </ClCompile>
    <ClCompile Include="ICollision.cpp">
      <Filter>GameObject\Interface</Filter>
    </ClCompile>
    <ClCompile Include="DynamicObject.cpp">
      <Filter>GameObject\DynamicObject</Filter>
    </ClCompile>
    <ClCompile Include="StaticObject.cpp">
      <Filter>GameObject\StaticObject</Filter>
    </ClCompile>
    <ClCompile Include="BackGround.cpp">
      <Filter>Map</Filter>
    </ClCompile>
    <ClCompile Include="MapLoader.cpp">
      <Filter>Map\Level</Filter>
    </ClCompile>
    <ClCompile Include="IronRod.cpp">
      <Filter>GameObject\DynamicObject\Weapon\IronRod</Filter>
    </ClCompile>
    <ClCompile Include="Weapon.cpp">
      <Filter>GameObject\DynamicObject\Weapon</Filter>
    </ClCompile>
    <ClCompile Include="SimonFactory.cpp">
      <Filter>Config\SimonFactoty</Filter>
    </ClCompile>
    <ClCompile Include="IronRodFac.cpp">
      <Filter>Config\IronRodFactory</Filter>
    </ClCompile>
    <ClCompile Include="Brick.cpp">
      <Filter>GameObject\StaticObject\Brick</Filter>
    </ClCompile>
    <ClCompile Include="Stair.cpp">
      <Filter>GameObject\StaticObject\Stair</Filter>
    </ClCompile>
    <ClCompile Include="Door.cpp">
      <Filter>GameObject\StaticObject\Door</Filter>
    </ClCompile>
    <ClCompile Include="GroundBGFac.cpp">
      <Filter>Config\GroundBGFactory</Filter>
    </ClCompile>
    <ClCompile Include="Map.cpp">
      <Filter>Map</Filter>
    </ClCompile>
    <ClCompile Include="TagClassName.cpp">
      <Filter>DirectX</Filter>
    </ClCompile>
    <ClCompile Include="Enemy.cpp">
      <Filter>GameObject\DynamicObject\Enemy</Filter>
    </ClCompile>
    <ClCompile Include="EnemyFactory.cpp">
      <Filter>Config\EnemyFactory</Filter>
    </ClCompile>
    <ClCompile Include="AxeMan.cpp">
      <Filter>GameObject\DynamicObject\Enemy\AxeMan</Filter>
    </ClCompile>
    <ClCompile Include="BlackKnight.cpp">
      <Filter>GameObject\DynamicObject\Enemy\BlackKnight</Filter>
    </ClCompile>
    <ClCompile Include="BlackLeopard.cpp">
      <Filter>GameObject\DynamicObject\Enemy\BlackLeopard</Filter>
    </ClCompile>
    <ClCompile Include="DragonSkullCannon.cpp">
      <Filter>GameObject\DynamicObject\Enemy\DragonSkullCannon</Filter>
    </ClCompile>
    <ClCompile Include="FishMan.cpp">
      <Filter>GameObject\DynamicObject\Enemy\FishMan</Filter>
    </ClCompile>
    <ClCompile Include="Ghost.cpp">
      <Filter>GameObject\DynamicObject\Enemy\Ghost</Filter>
    </ClCompile>
    <ClCompile Include="Medusa.cpp">
      <Filter>GameObject\DynamicObject\Enemy\Medusa</Filter>
    </ClCompile>
    <ClCompile Include="VampireBat.cpp">
      <Filter>GameObject\DynamicObject\Enemy\VampireBat</Filter>
    </ClCompile>
    <ClCompile Include="WhiteSkeleton.cpp">
      <Filter>GameObject\DynamicObject\Enemy\WhiteSkeleton</Filter>
    </ClCompile>
    <ClCompile Include="Zombie.cpp">
      <Filter>GameObject\DynamicObject\Enemy\Zombie</Filter>
    </ClCompile>
    <ClCompile Include="HideObject.cpp">
      <Filter>GameObject\StaticObject\HideObject</Filter>
    </ClCompile>
    <ClCompile Include="Item.cpp">
      <Filter>GameObject\DynamicObject\Item</Filter>
    </ClCompile>
    <ClCompile Include="HideObjectFactory.cpp">
      <Filter>Config\HideObjectFactory</Filter>
    </ClCompile>
    <ClCompile Include="GroundBGObj.cpp">
      <Filter>GameObject\StaticObject\GroundObj</Filter>
    </ClCompile>
    <ClCompile Include="Light.cpp">
      <Filter>GameObject\StaticObject\Light</Filter>
    </ClCompile>
    <ClCompile Include="LightFactory.cpp">
      <Filter>Config\LightFactory</Filter>
    </ClCompile>
  </ItemGroup>
  <ItemGroup>
    <ClInclude Include="Input.h">
      <Filter>DirectX</Filter>
    </ClInclude>
    <ClInclude Include="utils.h">
      <Filter>DirectX</Filter>
    </ClInclude>
    <ClInclude Include="Game.h">
      <Filter>MainGame</Filter>
    </ClInclude>
    <ClInclude Include="ManageGame.h">
      <Filter>MainGame</Filter>
    </ClInclude>
    <ClInclude Include="Camera.h">
      <Filter>DirectX</Filter>
    </ClInclude>
    <ClInclude Include="Sprite.h">
      <Filter>DirectX</Filter>
    </ClInclude>
    <ClInclude Include="ManageSprite.h">
      <Filter>DirectX</Filter>
    </ClInclude>
    <ClInclude Include="ObjectFactoty.h">
      <Filter>Config</Filter>
    </ClInclude>
    <ClInclude Include="ObjectGame.h">
      <Filter>GameObject</Filter>
    </ClInclude>
    <ClInclude Include="Texture.h">
      <Filter>DirectX\Texture</Filter>
    </ClInclude>
    <ClInclude Include="ManageTexture.h">
      <Filter>DirectX\Texture</Filter>
    </ClInclude>
    <ClInclude Include="Simon.h">
      <Filter>GameObject\DynamicObject\Simon</Filter>
    </ClInclude>
    <ClInclude Include="FileUtils.h">
      <Filter>Config</Filter>
    </ClInclude>
    <ClInclude Include="IMove.h">
      <Filter>GameObject\Interface</Filter>
    </ClInclude>
    <ClInclude Include="IAnimatedSprite.h">
      <Filter>GameObject\Interface</Filter>
    </ClInclude>
    <ClInclude Include="ICollision.h">
      <Filter>GameObject\Interface</Filter>
    </ClInclude>
    <ClInclude Include="DynamicObject.h">
      <Filter>GameObject\DynamicObject</Filter>
    </ClInclude>
    <ClInclude Include="StaticObject.h">
      <Filter>GameObject\StaticObject</Filter>
    </ClInclude>
    <ClInclude Include="BackGround.h">
      <Filter>Map</Filter>
    </ClInclude>
    <ClInclude Include="MapLoader.h">
      <Filter>Map\Level</Filter>
    </ClInclude>
    <ClInclude Include="IronRod.h">
      <Filter>GameObject\DynamicObject\Weapon\IronRod</Filter>
    </ClInclude>
    <ClInclude Include="Weapon.h">
      <Filter>GameObject\DynamicObject\Weapon</Filter>
    </ClInclude>
    <ClInclude Include="TagClassName.h">
      <Filter>DirectX</Filter>
    </ClInclude>
    <ClInclude Include="SimonFactory.h">
      <Filter>Config\SimonFactoty</Filter>
    </ClInclude>
    <ClInclude Include="IronRodFac.h">
      <Filter>Config\IronRodFactory</Filter>
    </ClInclude>
    <ClInclude Include="Brick.h">
      <Filter>GameObject\StaticObject\Brick</Filter>
    </ClInclude>
    <ClInclude Include="Stair.h">
      <Filter>GameObject\StaticObject\Stair</Filter>
    </ClInclude>
    <ClInclude Include="Door.h">
      <Filter>GameObject\StaticObject\Door</Filter>
    </ClInclude>
    <ClInclude Include="GroundBGFac.h">
      <Filter>Config\GroundBGFactory</Filter>
    </ClInclude>
    <ClInclude Include="Map.h">
      <Filter>Map</Filter>
    </ClInclude>
    <ClInclude Include="Enemy.h">
      <Filter>GameObject\DynamicObject\Enemy</Filter>
    </ClInclude>
    <ClInclude Include="EnemyFactory.h">
      <Filter>Config\EnemyFactory</Filter>
    </ClInclude>
    <ClInclude Include="AxeMan.h">
      <Filter>GameObject\DynamicObject\Enemy\AxeMan</Filter>
    </ClInclude>
    <ClInclude Include="BlackKnight.h">
      <Filter>GameObject\DynamicObject\Enemy\BlackKnight</Filter>
    </ClInclude>
    <ClInclude Include="BlackLeopard.h">
      <Filter>GameObject\DynamicObject\Enemy\BlackLeopard</Filter>
    </ClInclude>
    <ClInclude Include="DragonSkullCannon.h">
      <Filter>GameObject\DynamicObject\Enemy\DragonSkullCannon</Filter>
    </ClInclude>
    <ClInclude Include="FishMan.h">
      <Filter>GameObject\DynamicObject\Enemy\FishMan</Filter>
    </ClInclude>
    <ClInclude Include="Ghost.h">
      <Filter>GameObject\DynamicObject\Enemy\Ghost</Filter>
    </ClInclude>
    <ClInclude Include="Medusa.h">
      <Filter>GameObject\DynamicObject\Enemy\Medusa</Filter>
    </ClInclude>
    <ClInclude Include="VampireBat.h">
      <Filter>GameObject\DynamicObject\Enemy\VampireBat</Filter>
    </ClInclude>
    <ClInclude Include="WhiteSkeleton.h">
      <Filter>GameObject\DynamicObject\Enemy\WhiteSkeleton</Filter>
    </ClInclude>
    <ClInclude Include="Zombie.h">
      <Filter>GameObject\DynamicObject\Enemy\Zombie</Filter>
    </ClInclude>
    <ClInclude Include="HideObject.h">
      <Filter>GameObject\StaticObject\HideObject</Filter>
    </ClInclude>
    <ClInclude Include="Item.h">
      <Filter>GameObject\DynamicObject\Item</Filter>
    </ClInclude>
    <ClInclude Include="HideObjectFactory.h">
      <Filter>Config\HideObjectFactory</Filter>
    </ClInclude>
    <ClInclude Include="GroundBGObj.h">
      <Filter>GameObject\StaticObject\GroundObj</Filter>
    </ClInclude>
    <ClInclude Include="Light.h">
      <Filter>GameObject\StaticObject\Light</Filter>
    </ClInclude>
    <ClInclude Include="LightFactory.h">
      <Filter>Config\LightFactory</Filter>
    </ClInclude>
  </ItemGroup>
</Project>